// !$*UTF8*$!
{
	archiveVersion = 1;
	classes = {
	};
	objectVersion = 50;
	objects = {

/* Begin PBXBuildFile section */
		C22D57E625D55FAA00133AD3 /* InformationViewController.swift in Sources */ = {isa = PBXBuildFile; fileRef = C22D57E525D55FAA00133AD3 /* InformationViewController.swift */; };
		C249E30525D2FB6D00568127 /* AppDelegate.swift in Sources */ = {isa = PBXBuildFile; fileRef = C249E30425D2FB6D00568127 /* AppDelegate.swift */; };
		C249E30725D2FB6D00568127 /* SceneDelegate.swift in Sources */ = {isa = PBXBuildFile; fileRef = C249E30625D2FB6D00568127 /* SceneDelegate.swift */; };
		C249E30C25D2FB6D00568127 /* Main.storyboard in Resources */ = {isa = PBXBuildFile; fileRef = C249E30A25D2FB6D00568127 /* Main.storyboard */; };
		C249E30E25D2FB7000568127 /* Assets.xcassets in Resources */ = {isa = PBXBuildFile; fileRef = C249E30D25D2FB7000568127 /* Assets.xcassets */; };
		C249E31125D2FB7000568127 /* LaunchScreen.storyboard in Resources */ = {isa = PBXBuildFile; fileRef = C249E30F25D2FB7000568127 /* LaunchScreen.storyboard */; };
		C249E32125D2FC9300568127 /* AutorizationScreenViewController.swift in Sources */ = {isa = PBXBuildFile; fileRef = C249E32025D2FC9300568127 /* AutorizationScreenViewController.swift */; };
		C249E32525D41A0200568127 /* Autorization.swift in Sources */ = {isa = PBXBuildFile; fileRef = C249E32425D41A0200568127 /* Autorization.swift */; };
		C249E32825D4349500568127 /* StartWindowViewController.swift in Sources */ = {isa = PBXBuildFile; fileRef = C249E32725D4349500568127 /* StartWindowViewController.swift */; };
/* End PBXBuildFile section */

/* Begin PBXFileReference section */
		C22D57E525D55FAA00133AD3 /* InformationViewController.swift */ = {isa = PBXFileReference; lastKnownFileType = sourcecode.swift; path = InformationViewController.swift; sourceTree = "<group>"; };
		C249E30125D2FB6D00568127 /* LoginScreen.app */ = {isa = PBXFileReference; explicitFileType = wrapper.application; includeInIndex = 0; path = LoginScreen.app; sourceTree = BUILT_PRODUCTS_DIR; };
		C249E30425D2FB6D00568127 /* AppDelegate.swift */ = {isa = PBXFileReference; lastKnownFileType = sourcecode.swift; path = AppDelegate.swift; sourceTree = "<group>"; };
		C249E30625D2FB6D00568127 /* SceneDelegate.swift */ = {isa = PBXFileReference; lastKnownFileType = sourcecode.swift; path = SceneDelegate.swift; sourceTree = "<group>"; };
		C249E30B25D2FB6D00568127 /* Base */ = {isa = PBXFileReference; lastKnownFileType = file.storyboard; name = Base; path = Base.lproj/Main.storyboard; sourceTree = "<group>"; };
		C249E30D25D2FB7000568127 /* Assets.xcassets */ = {isa = PBXFileReference; lastKnownFileType = folder.assetcatalog; path = Assets.xcassets; sourceTree = "<group>"; };
		C249E31025D2FB7000568127 /* Base */ = {isa = PBXFileReference; lastKnownFileType = file.storyboard; name = Base; path = Base.lproj/LaunchScreen.storyboard; sourceTree = "<group>"; };
		C249E31225D2FB7000568127 /* Info.plist */ = {isa = PBXFileReference; lastKnownFileType = text.plist.xml; path = Info.plist; sourceTree = "<group>"; };
		C249E32025D2FC9300568127 /* AutorizationScreenViewController.swift */ = {isa = PBXFileReference; lastKnownFileType = sourcecode.swift; path = AutorizationScreenViewController.swift; sourceTree = "<group>"; };
		C249E32425D41A0200568127 /* Autorization.swift */ = {isa = PBXFileReference; lastKnownFileType = sourcecode.swift; path = Autorization.swift; sourceTree = "<group>"; };
		C249E32725D4349500568127 /* StartWindowViewController.swift */ = {isa = PBXFileReference; lastKnownFileType = sourcecode.swift; path = StartWindowViewController.swift; sourceTree = "<group>"; };
/* End PBXFileReference section */

/* Begin PBXFrameworksBuildPhase section */
		C249E2FE25D2FB6D00568127 /* Frameworks */ = {
			isa = PBXFrameworksBuildPhase;
			buildActionMask = 2147483647;
			files = (
			);
			runOnlyForDeploymentPostprocessing = 0;
		};
/* End PBXFrameworksBuildPhase section */

/* Begin PBXGroup section */
		C249E2F825D2FB6D00568127 = {
			isa = PBXGroup;
			children = (
				C249E30325D2FB6D00568127 /* LoginScreen */,
				C249E30225D2FB6D00568127 /* Products */,
			);
			sourceTree = "<group>";
		};
		C249E30225D2FB6D00568127 /* Products */ = {
			isa = PBXGroup;
			children = (
				C249E30125D2FB6D00568127 /* LoginScreen.app */,
			);
			name = Products;
			sourceTree = "<group>";
		};
		C249E30325D2FB6D00568127 /* LoginScreen */ = {
			isa = PBXGroup;
			children = (
				C249E31B25D2FBBA00568127 /* View Controllers */,
				C249E31E25D2FBF500568127 /* Model */,
				C249E31C25D2FBCE00568127 /* Storyboard */,
				C249E31925D2FB8700568127 /* Supporting Files */,
				C249E31D25D2FBE300568127 /* File Resourses */,
			);
			path = LoginScreen;
			sourceTree = "<group>";
		};
		C249E31925D2FB8700568127 /* Supporting Files */ = {
			isa = PBXGroup;
			children = (
				C249E30425D2FB6D00568127 /* AppDelegate.swift */,
				C249E30625D2FB6D00568127 /* SceneDelegate.swift */,
				C249E31225D2FB7000568127 /* Info.plist */,
			);
			path = "Supporting Files";
			sourceTree = "<group>";
		};
		C249E31B25D2FBBA00568127 /* View Controllers */ = {
			isa = PBXGroup;
			children = (
				C249E32025D2FC9300568127 /* AutorizationScreenViewController.swift */,
				C249E32725D4349500568127 /* StartWindowViewController.swift */,
				C22D57E525D55FAA00133AD3 /* InformationViewController.swift */,
			);
			path = "View Controllers";
			sourceTree = "<group>";
		};
		C249E31C25D2FBCE00568127 /* Storyboard */ = {
			isa = PBXGroup;
			children = (
				C249E30A25D2FB6D00568127 /* Main.storyboard */,
				C249E30F25D2FB7000568127 /* LaunchScreen.storyboard */,
			);
			path = Storyboard;
			sourceTree = "<group>";
		};
		C249E31D25D2FBE300568127 /* File Resourses */ = {
			isa = PBXGroup;
			children = (
				C249E30D25D2FB7000568127 /* Assets.xcassets */,
			);
			path = "File Resourses";
			sourceTree = "<group>";
		};
		C249E31E25D2FBF500568127 /* Model */ = {
			isa = PBXGroup;
			children = (
				C249E32425D41A0200568127 /* Autorization.swift */,
			);
			path = Model;
			sourceTree = "<group>";
		};
/* End PBXGroup section */

/* Begin PBXNativeTarget section */
		C249E30025D2FB6D00568127 /* LoginScreen */ = {
			isa = PBXNativeTarget;
			buildConfigurationList = C249E31525D2FB7000568127 /* Build configuration list for PBXNativeTarget "LoginScreen" */;
			buildPhases = (
				C249E2FD25D2FB6D00568127 /* Sources */,
				C249E2FE25D2FB6D00568127 /* Frameworks */,
				C249E2FF25D2FB6D00568127 /* Resources */,
			);
			buildRules = (
			);
			dependencies = (
			);
			name = LoginScreen;
			productName = LoginScreen;
			productReference = C249E30125D2FB6D00568127 /* LoginScreen.app */;
			productType = "com.apple.product-type.application";
		};
/* End PBXNativeTarget section */

/* Begin PBXProject section */
		C249E2F925D2FB6D00568127 /* Project object */ = {
			isa = PBXProject;
			attributes = {
				LastSwiftUpdateCheck = 1200;
				LastUpgradeCheck = 1200;
				TargetAttributes = {
					C249E30025D2FB6D00568127 = {
						CreatedOnToolsVersion = 12.0;
					};
				};
			};
			buildConfigurationList = C249E2FC25D2FB6D00568127 /* Build configuration list for PBXProject "LoginScreen" */;
			compatibilityVersion = "Xcode 9.3";
			developmentRegion = en;
			hasScannedForEncodings = 0;
			knownRegions = (
				en,
				Base,
			);
			mainGroup = C249E2F825D2FB6D00568127;
			productRefGroup = C249E30225D2FB6D00568127 /* Products */;
			projectDirPath = "";
			projectRoot = "";
			targets = (
				C249E30025D2FB6D00568127 /* LoginScreen */,
			);
		};
/* End PBXProject section */

/* Begin PBXResourcesBuildPhase section */
		C249E2FF25D2FB6D00568127 /* Resources */ = {
			isa = PBXResourcesBuildPhase;
			buildActionMask = 2147483647;
			files = (
				C249E31125D2FB7000568127 /* LaunchScreen.storyboard in Resources */,
				C249E30E25D2FB7000568127 /* Assets.xcassets in Resources */,
				C249E30C25D2FB6D00568127 /* Main.storyboard in Resources */,
			);
			runOnlyForDeploymentPostprocessing = 0;
		};
/* End PBXResourcesBuildPhase section */

/* Begin PBXSourcesBuildPhase section */
		C249E2FD25D2FB6D00568127 /* Sources */ = {
			isa = PBXSourcesBuildPhase;
			buildActionMask = 2147483647;
			files = (
				C249E32125D2FC9300568127 /* AutorizationScreenViewController.swift in Sources */,
				C249E32825D4349500568127 /* StartWindowViewController.swift in Sources */,
				C249E30525D2FB6D00568127 /* AppDelegate.swift in Sources */,
				C249E32525D41A0200568127 /* Autorization.swift in Sources */,
				C249E30725D2FB6D00568127 /* SceneDelegate.swift in Sources */,
				C22D57E625D55FAA00133AD3 /* InformationViewController.swift in Sources */,
			);
			runOnlyForDeploymentPostprocessing = 0;
		};
/* End PBXSourcesBuildPhase section */

/* Begin PBXVariantGroup section */
		C249E30A25D2FB6D00568127 /* Main.storyboard */ = {
			isa = PBXVariantGroup;
			children = (
				C249E30B25D2FB6D00568127 /* Base */,
			);
			name = Main.storyboard;
			sourceTree = "<group>";
		};
		C249E30F25D2FB7000568127 /* LaunchScreen.storyboard */ = {
			isa = PBXVariantGroup;
			children = (
				C249E31025D2FB7000568127 /* Base */,
			);
			name = LaunchScreen.storyboard;
			sourceTree = "<group>";
		};
/* End PBXVariantGroup section */

/* Begin XCBuildConfiguration section */
		C249E31325D2FB7000568127 /* Debug */ = {
			isa = XCBuildConfiguration;
			buildSettings = {
				ALWAYS_SEARCH_USER_PATHS = NO;
				CLANG_ANALYZER_NONNULL = YES;
				CLANG_ANALYZER_NUMBER_OBJECT_CONVERSION = YES_AGGRESSIVE;
				CLANG_CXX_LANGUAGE_STANDARD = "gnu++14";
				CLANG_CXX_LIBRARY = "libc++";
				CLANG_ENABLE_MODULES = YES;
				CLANG_ENABLE_OBJC_ARC = YES;
				CLANG_ENABLE_OBJC_WEAK = YES;
				CLANG_WARN_BLOCK_CAPTURE_AUTORELEASING = YES;
				CLANG_WARN_BOOL_CONVERSION = YES;
				CLANG_WARN_COMMA = YES;
				CLANG_WARN_CONSTANT_CONVERSION = YES;
				CLANG_WARN_DEPRECATED_OBJC_IMPLEMENTATIONS = YES;
				CLANG_WARN_DIRECT_OBJC_ISA_USAGE = YES_ERROR;
				CLANG_WARN_DOCUMENTATION_COMMENTS = YES;
				CLANG_WARN_EMPTY_BODY = YES;
				CLANG_WARN_ENUM_CONVERSION = YES;
				CLANG_WARN_INFINITE_RECURSION = YES;
				CLANG_WARN_INT_CONVERSION = YES;
				CLANG_WARN_NON_LITERAL_NULL_CONVERSION = YES;
				CLANG_WARN_OBJC_IMPLICIT_RETAIN_SELF = YES;
				CLANG_WARN_OBJC_LITERAL_CONVERSION = YES;
				CLANG_WARN_OBJC_ROOT_CLASS = YES_ERROR;
				CLANG_WARN_QUOTED_INCLUDE_IN_FRAMEWORK_HEADER = YES;
				CLANG_WARN_RANGE_LOOP_ANALYSIS = YES;
				CLANG_WARN_STRICT_PROTOTYPES = YES;
				CLANG_WARN_SUSPICIOUS_MOVE = YES;
				CLANG_WARN_UNGUARDED_AVAILABILITY = YES_AGGRESSIVE;
				CLANG_WARN_UNREACHABLE_CODE = YES;
				CLANG_WARN__DUPLICATE_METHOD_MATCH = YES;
				COPY_PHASE_STRIP = NO;
				DEBUG_INFORMATION_FORMAT = dwarf;
				ENABLE_STRICT_OBJC_MSGSEND = YES;
				ENABLE_TESTABILITY = YES;
				GCC_C_LANGUAGE_STANDARD = gnu11;
				GCC_DYNAMIC_NO_PIC = NO;
				GCC_NO_COMMON_BLOCKS = YES;
				GCC_OPTIMIZATION_LEVEL = 0;
				GCC_PREPROCESSOR_DEFINITIONS = (
					"DEBUG=1",
					"$(inherited)",
				);
				GCC_WARN_64_TO_32_BIT_CONVERSION = YES;
				GCC_WARN_ABOUT_RETURN_TYPE = YES_ERROR;
				GCC_WARN_UNDECLARED_SELECTOR = YES;
				GCC_WARN_UNINITIALIZED_AUTOS = YES_AGGRESSIVE;
				GCC_WARN_UNUSED_FUNCTION = YES;
				GCC_WARN_UNUSED_VARIABLE = YES;
				IPHONEOS_DEPLOYMENT_TARGET = 14.0;
				MTL_ENABLE_DEBUG_INFO = INCLUDE_SOURCE;
				MTL_FAST_MATH = YES;
				ONLY_ACTIVE_ARCH = YES;
				SDKROOT = iphoneos;
				SWIFT_ACTIVE_COMPILATION_CONDITIONS = DEBUG;
				SWIFT_OPTIMIZATION_LEVEL = "-Onone";
			};
			name = Debug;
		};
		C249E31425D2FB7000568127 /* Release */ = {
			isa = XCBuildConfiguration;
			buildSettings = {
				ALWAYS_SEARCH_USER_PATHS = NO;
				CLANG_ANALYZER_NONNULL = YES;
				CLANG_ANALYZER_NUMBER_OBJECT_CONVERSION = YES_AGGRESSIVE;
				CLANG_CXX_LANGUAGE_STANDARD = "gnu++14";
				CLANG_CXX_LIBRARY = "libc++";
				CLANG_ENABLE_MODULES = YES;
				CLANG_ENABLE_OBJC_ARC = YES;
				CLANG_ENABLE_OBJC_WEAK = YES;
				CLANG_WARN_BLOCK_CAPTURE_AUTORELEASING = YES;
				CLANG_WARN_BOOL_CONVERSION = YES;
				CLANG_WARN_COMMA = YES;
				CLANG_WARN_CONSTANT_CONVERSION = YES;
				CLANG_WARN_DEPRECATED_OBJC_IMPLEMENTATIONS = YES;
				CLANG_WARN_DIRECT_OBJC_ISA_USAGE = YES_ERROR;
				CLANG_WARN_DOCUMENTATION_COMMENTS = YES;
				CLANG_WARN_EMPTY_BODY = YES;
				CLANG_WARN_ENUM_CONVERSION = YES;
				CLANG_WARN_INFINITE_RECURSION = YES;
				CLANG_WARN_INT_CONVERSION = YES;
				CLANG_WARN_NON_LITERAL_NULL_CONVERSION = YES;
				CLANG_WARN_OBJC_IMPLICIT_RETAIN_SELF = YES;
				CLANG_WARN_OBJC_LITERAL_CONVERSION = YES;
				CLANG_WARN_OBJC_ROOT_CLASS = YES_ERROR;
				CLANG_WARN_QUOTED_INCLUDE_IN_FRAMEWORK_HEADER = YES;
				CLANG_WARN_RANGE_LOOP_ANALYSIS = YES;
				CLANG_WARN_STRICT_PROTOTYPES = YES;
				CLANG_WARN_SUSPICIOUS_MOVE = YES;
				CLANG_WARN_UNGUARDED_AVAILABILITY = YES_AGGRESSIVE;
				CLANG_WARN_UNREACHABLE_CODE = YES;
				CLANG_WARN__DUPLICATE_METHOD_MATCH = YES;
				COPY_PHASE_STRIP = NO;
				DEBUG_INFORMATION_FORMAT = "dwarf-with-dsym";
				ENABLE_NS_ASSERTIONS = NO;
				ENABLE_STRICT_OBJC_MSGSEND = YES;
				GCC_C_LANGUAGE_STANDARD = gnu11;
				GCC_NO_COMMON_BLOCKS = YES;
				GCC_WARN_64_TO_32_BIT_CONVERSION = YES;
				GCC_WARN_ABOUT_RETURN_TYPE = YES_ERROR;
				GCC_WARN_UNDECLARED_SELECTOR = YES;
				GCC_WARN_UNINITIALIZED_AUTOS = YES_AGGRESSIVE;
				GCC_WARN_UNUSED_FUNCTION = YES;
				GCC_WARN_UNUSED_VARIABLE = YES;
				IPHONEOS_DEPLOYMENT_TARGET = 14.0;
				MTL_ENABLE_DEBUG_INFO = NO;
				MTL_FAST_MATH = YES;
				SDKROOT = iphoneos;
				SWIFT_COMPILATION_MODE = wholemodule;
				SWIFT_OPTIMIZATION_LEVEL = "-O";
				VALIDATE_PRODUCT = YES;
			};
			name = Release;
		};
		C249E31625D2FB7000568127 /* Debug */ = {
			isa = XCBuildConfiguration;
			buildSettings = {
				ASSETCATALOG_COMPILER_APPICON_NAME = AppIcon;
				ASSETCATALOG_COMPILER_GLOBAL_ACCENT_COLOR_NAME = AccentColor;
				CODE_SIGN_STYLE = Automatic;
				DEVELOPMENT_TEAM = 25QX723DQA;
				INFOPLIST_FILE = "LoginScreen/Supporting Files/Info.plist";
				LD_RUNPATH_SEARCH_PATHS = (
					"$(inherited)",
					"@executable_path/Frameworks",
				);
				PRODUCT_BUNDLE_IDENTIFIER = "Filipp-Slabodetsky.LoginScreen";
				PRODUCT_NAME = "$(TARGET_NAME)";
				SWIFT_VERSION = 5.0;
				TARGETED_DEVICE_FAMILY = "1,2";
			};
			name = Debug;
		};
		C249E31725D2FB7000568127 /* Release */ = {
			isa = XCBuildConfiguration;
			buildSettings = {
				ASSETCATALOG_COMPILER_APPICON_NAME = AppIcon;
				ASSETCATALOG_COMPILER_GLOBAL_ACCENT_COLOR_NAME = AccentColor;
				CODE_SIGN_STYLE = Automatic;
				DEVELOPMENT_TEAM = 25QX723DQA;
				INFOPLIST_FILE = "LoginScreen/Supporting Files/Info.plist";
				LD_RUNPATH_SEARCH_PATHS = (
					"$(inherited)",
					"@executable_path/Frameworks",
				);
				PRODUCT_BUNDLE_IDENTIFIER = "Filipp-Slabodetsky.LoginScreen";
				PRODUCT_NAME = "$(TARGET_NAME)";
				SWIFT_VERSION = 5.0;
				TARGETED_DEVICE_FAMILY = "1,2";
			};
			name = Release;
		};
/* End XCBuildConfiguration section */

/* Begin XCConfigurationList section */
		C249E2FC25D2FB6D00568127 /* Build configuration list for PBXProject "LoginScreen" */ = {
			isa = XCConfigurationList;
			buildConfigurations = (
				C249E31325D2FB7000568127 /* Debug */,
				C249E31425D2FB7000568127 /* Release */,
			);
			defaultConfigurationIsVisible = 0;
			defaultConfigurationName = Release;
		};
		C249E31525D2FB7000568127 /* Build configuration list for PBXNativeTarget "LoginScreen" */ = {
			isa = XCConfigurationList;
			buildConfigurations = (
				C249E31625D2FB7000568127 /* Debug */,
				C249E31725D2FB7000568127 /* Release */,
			);
			defaultConfigurationIsVisible = 0;
			defaultConfigurationName = Release;
		};
/* End XCConfigurationList section */
	};
	rootObject = C249E2F925D2FB6D00568127 /* Project object */;
}
